// !$*UTF8*$!
{
	archiveVersion = 1;
	classes = {
	};
	objectVersion = 46;
	objects = {

/* Begin PBXBuildFile section */
		D3304E4E1A6445AB00314DBF /* RecruitTableViewController.m in Sources */ = {isa = PBXBuildFile; fileRef = D3304E4D1A6445AB00314DBF /* RecruitTableViewController.m */; };
		D3304E601A72DAE300314DBF /* InviteTableViewController.m in Sources */ = {isa = PBXBuildFile; fileRef = D3304E5F1A72DAE300314DBF /* InviteTableViewController.m */; };
		D3304F111A76BC3500314DBF /* AAAAAA.m4a in Resources */ = {isa = PBXBuildFile; fileRef = D3304EDA1A76BC3500314DBF /* AAAAAA.m4a */; };
		D3304F121A76BC3500314DBF /* AnchorDown.m4a in Resources */ = {isa = PBXBuildFile; fileRef = D3304EDB1A76BC3500314DBF /* AnchorDown.m4a */; };
		D3304F131A76BC3500314DBF /* BoomerSooner.m4a in Resources */ = {isa = PBXBuildFile; fileRef = D3304EDC1A76BC3500314DBF /* BoomerSooner.m4a */; };
		D3304F141A76BC3500314DBF /* FightPanthers.m4a in Resources */ = {isa = PBXBuildFile; fileRef = D3304EDD1A76BC3500314DBF /* FightPanthers.m4a */; };
		D3304F151A76BC3500314DBF /* ForLaurel.m4a in Resources */ = {isa = PBXBuildFile; fileRef = D3304EDE1A76BC3500314DBF /* ForLaurel.m4a */; };
		D3304F161A76BC3500314DBF /* GigEm.m4a in Resources */ = {isa = PBXBuildFile; fileRef = D3304EDF1A76BC3500314DBF /* GigEm.m4a */; };
		D3304F171A76BC3500314DBF /* GoBears.m4a in Resources */ = {isa = PBXBuildFile; fileRef = D3304EE01A76BC3500314DBF /* GoBears.m4a */; };
		D3304F181A76BC3500314DBF /* GoBeavers.m4a in Resources */ = {isa = PBXBuildFile; fileRef = D3304EE11A76BC3500314DBF /* GoBeavers.m4a */; };
		D3304F191A76BC3500314DBF /* GoBeaversAlt.m4a in Resources */ = {isa = PBXBuildFile; fileRef = D3304EE21A76BC3500314DBF /* GoBeaversAlt.m4a */; };
		D3304F1A1A76BC3500314DBF /* GoBigRed.m4a in Resources */ = {isa = PBXBuildFile; fileRef = D3304EE31A76BC3500314DBF /* GoBigRed.m4a */; };
		D3304F1B1A76BC3500314DBF /* GoBlazers.m4a in Resources */ = {isa = PBXBuildFile; fileRef = D3304EE41A76BC3500314DBF /* GoBlazers.m4a */; };
		D3304F1C1A76BC3500314DBF /* GoBlue.m4a in Resources */ = {isa = PBXBuildFile; fileRef = D3304EE51A76BC3500314DBF /* GoBlue.m4a */; };
		D3304F1D1A76BC3500314DBF /* GoBlueDevils.m4a in Resources */ = {isa = PBXBuildFile; fileRef = D3304EE61A76BC3500314DBF /* GoBlueDevils.m4a */; };
		D3304F1E1A76BC3500314DBF /* GoBuckeyes.m4a in Resources */ = {isa = PBXBuildFile; fileRef = D3304EE71A76BC3500314DBF /* GoBuckeyes.m4a */; };
		D3304F1F1A76BC3500314DBF /* GoBuffs.m4a in Resources */ = {isa = PBXBuildFile; fileRef = D3304EE81A76BC3500314DBF /* GoBuffs.m4a */; };
		D3304F201A76BC3500314DBF /* GoCanes.m4a in Resources */ = {isa = PBXBuildFile; fileRef = D3304EE91A76BC3500314DBF /* GoCanes.m4a */; };
		D3304F211A76BC3500314DBF /* GoCards.m4a in Resources */ = {isa = PBXBuildFile; fileRef = D3304EEA1A76BC3500314DBF /* GoCards.m4a */; };
		D3304F221A76BC3500314DBF /* GoCats.m4a in Resources */ = {isa = PBXBuildFile; fileRef = D3304EEB1A76BC3500314DBF /* GoCats.m4a */; };
		D3304F231A76BC3500314DBF /* GoCocks.m4a in Resources */ = {isa = PBXBuildFile; fileRef = D3304EEC1A76BC3500314DBF /* GoCocks.m4a */; };
		D3304F241A76BC3500314DBF /* GoDawgs.m4a in Resources */ = {isa = PBXBuildFile; fileRef = D3304EED1A76BC3500314DBF /* GoDawgs.m4a */; };
		D3304F251A76BC3500314DBF /* GoDeacs.m4a in Resources */ = {isa = PBXBuildFile; fileRef = D3304EEE1A76BC3500314DBF /* GoDeacs.m4a */; };
		D3304F261A76BC3500314DBF /* GoDores.m4a in Resources */ = {isa = PBXBuildFile; fileRef = D3304EEF1A76BC3500314DBF /* GoDores.m4a */; };
		D3304F271A76BC3500314DBF /* GoDucks.m4a in Resources */ = {isa = PBXBuildFile; fileRef = D3304EF01A76BC3500314DBF /* GoDucks.m4a */; };
		D3304F281A76BC3500314DBF /* GoEagles.m4a in Resources */ = {isa = PBXBuildFile; fileRef = D3304EF11A76BC3500314DBF /* GoEagles.m4a */; };
		D3304F291A76BC3500314DBF /* GoFrogs.m4a in Resources */ = {isa = PBXBuildFile; fileRef = D3304EF21A76BC3500314DBF /* GoFrogs.m4a */; };
		D3304F2A1A76BC3500314DBF /* GoFrogsForLaurel.m4a in Resources */ = {isa = PBXBuildFile; fileRef = D3304EF31A76BC3500314DBF /* GoFrogsForLaurel.m4a */; };
		D3304F2B1A76BC3500314DBF /* GoGators.m4a in Resources */ = {isa = PBXBuildFile; fileRef = D3304EF41A76BC3500314DBF /* GoGators.m4a */; };
		D3304F2C1A76BC3500314DBF /* GoHeels.m4a in Resources */ = {isa = PBXBuildFile; fileRef = D3304EF51A76BC3500314DBF /* GoHeels.m4a */; };
		D3304F2D1A76BC3500314DBF /* GoHogs.m4a in Resources */ = {isa = PBXBuildFile; fileRef = D3304EF61A76BC3500314DBF /* GoHogs.m4a */; };
		D3304F2E1A76BC3500314DBF /* GoHokies.m4a in Resources */ = {isa = PBXBuildFile; fileRef = D3304EF71A76BC3500314DBF /* GoHokies.m4a */; };
		D3304F2F1A76BC3500314DBF /* GoIrish.m4a in Resources */ = {isa = PBXBuildFile; fileRef = D3304EF81A76BC3500314DBF /* GoIrish.m4a */; };
		D3304F301A76BC3500314DBF /* GoNoles.m4a in Resources */ = {isa = PBXBuildFile; fileRef = D3304EF91A76BC3500314DBF /* GoNoles.m4a */; };
		D3304F311A76BC3500314DBF /* GoOrange.m4a in Resources */ = {isa = PBXBuildFile; fileRef = D3304EFA1A76BC3500314DBF /* GoOrange.m4a */; };
		D3304F321A76BC3500314DBF /* GoOwls.m4a in Resources */ = {isa = PBXBuildFile; fileRef = D3304EFB1A76BC3500314DBF /* GoOwls.m4a */; };
		D3304F331A76BC3500314DBF /* GoPacks.m4a in Resources */ = {isa = PBXBuildFile; fileRef = D3304EFC1A76BC3500314DBF /* GoPacks.m4a */; };
		D3304F341A76BC3500314DBF /* GoSpartans.m4a in Resources */ = {isa = PBXBuildFile; fileRef = D3304EFD1A76BC3500314DBF /* GoSpartans.m4a */; };
		D3304F351A76BC3500314DBF /* GoTerps.m4a in Resources */ = {isa = PBXBuildFile; fileRef = D3304EFE1A76BC3500314DBF /* GoTerps.m4a */; };
		D3304F361A76BC3500314DBF /* GoTigersClemson.m4a in Resources */ = {isa = PBXBuildFile; fileRef = D3304EFF1A76BC3500314DBF /* GoTigersClemson.m4a */; };
		D3304F371A76BC3500314DBF /* GoVols.m4a in Resources */ = {isa = PBXBuildFile; fileRef = D3304F001A76BC3500314DBF /* GoVols.m4a */; };
		D3304F381A76BC3500314DBF /* GunsUp.m4a in Resources */ = {isa = PBXBuildFile; fileRef = D3304F011A76BC3500314DBF /* GunsUp.m4a */; };
		D3304F391A76BC3500314DBF /* HailSouthern.m4a in Resources */ = {isa = PBXBuildFile; fileRef = D3304F021A76BC3500314DBF /* HailSouthern.m4a */; };
		D3304F3A1A76BC3500314DBF /* HailState.m4a in Resources */ = {isa = PBXBuildFile; fileRef = D3304F031A76BC3500314DBF /* HailState.m4a */; };
		D3304F3B1A76BC3500314DBF /* HailToPitt.m4a in Resources */ = {isa = PBXBuildFile; fileRef = D3304F041A76BC3500314DBF /* HailToPitt.m4a */; };
		D3304F3C1A76BC3500314DBF /* HookEmHorns.m4a in Resources */ = {isa = PBXBuildFile; fileRef = D3304F051A76BC3500314DBF /* HookEmHorns.m4a */; };
		D3304F3D1A76BC3500314DBF /* HottyToddy.m4a in Resources */ = {isa = PBXBuildFile; fileRef = D3304F061A76BC3500314DBF /* HottyToddy.m4a */; };
		D3304F3E1A76BC3500314DBF /* LetsGoMountaineers.m4a in Resources */ = {isa = PBXBuildFile; fileRef = D3304F071A76BC3500314DBF /* LetsGoMountaineers.m4a */; };
		D3304F3F1A76BC3500314DBF /* MIZZOU.m4a in Resources */ = {isa = PBXBuildFile; fileRef = D3304F081A76BC3500314DBF /* MIZZOU.m4a */; };
		D3304F401A76BC3500314DBF /* Output 1-2.m4a in Resources */ = {isa = PBXBuildFile; fileRef = D3304F091A76BC3500314DBF /* Output 1-2.m4a */; };
		D3304F411A76BC3500314DBF /* RideEmCowboys.m4a in Resources */ = {isa = PBXBuildFile; fileRef = D3304F0A1A76BC3500314DBF /* RideEmCowboys.m4a */; };
		D3304F421A76BC3500314DBF /* RollTide.m4a in Resources */ = {isa = PBXBuildFile; fileRef = D3304F0B1A76BC3500314DBF /* RollTide.m4a */; };
		D3304F431A76BC3500314DBF /* SicEmBears.m4a in Resources */ = {isa = PBXBuildFile; fileRef = D3304F0C1A76BC3500314DBF /* SicEmBears.m4a */; };
		D3304F441A76BC3500314DBF /* ToHellWithGeorgia.m4a in Resources */ = {isa = PBXBuildFile; fileRef = D3304F0D1A76BC3500314DBF /* ToHellWithGeorgia.m4a */; };
		D3304F451A76BC3500314DBF /* Wahoowa.m4a in Resources */ = {isa = PBXBuildFile; fileRef = D3304F0E1A76BC3500314DBF /* Wahoowa.m4a */; };
		D3304F461A76BC3500314DBF /* WarEagle.m4a in Resources */ = {isa = PBXBuildFile; fileRef = D3304F0F1A76BC3500314DBF /* WarEagle.m4a */; };
		D3304F471A76BC3500314DBF /* WeArePennState.m4a in Resources */ = {isa = PBXBuildFile; fileRef = D3304F101A76BC3500314DBF /* WeArePennState.m4a */; };
		D33A75FC1A40E3CC0080D572 /* TeamSelectTableViewController.m in Sources */ = {isa = PBXBuildFile; fileRef = D33A75FB1A40E3CC0080D572 /* TeamSelectTableViewController.m */; };
		D33A75FF1A40E3EB0080D572 /* DataHelper.m in Sources */ = {isa = PBXBuildFile; fileRef = D33A75FE1A40E3EB0080D572 /* DataHelper.m */; };
		D33A76021A40ED010080D572 /* TeamSelectTableViewCell.m in Sources */ = {isa = PBXBuildFile; fileRef = D33A76011A40ED010080D572 /* TeamSelectTableViewCell.m */; };
		D33A76091A40EF310080D572 /* Bolts.framework in Frameworks */ = {isa = PBXBuildFile; fileRef = D33A76041A40EF310080D572 /* Bolts.framework */; };
		D33A760A1A40EF310080D572 /* Parse.framework in Frameworks */ = {isa = PBXBuildFile; fileRef = D33A76051A40EF310080D572 /* Parse.framework */; };
		D33A760B1A40EF310080D572 /* ParseCrashReporting.framework in Frameworks */ = {isa = PBXBuildFile; fileRef = D33A76061A40EF310080D572 /* ParseCrashReporting.framework */; };
		D33A760C1A40EF310080D572 /* ParseFacebookUtils.framework in Frameworks */ = {isa = PBXBuildFile; fileRef = D33A76071A40EF310080D572 /* ParseFacebookUtils.framework */; };
		D33A760D1A40EF310080D572 /* ParseUI.framework in Frameworks */ = {isa = PBXBuildFile; fileRef = D33A76081A40EF310080D572 /* ParseUI.framework */; };
		D33A760F1A40EF550080D572 /* AudioToolbox.framework in Frameworks */ = {isa = PBXBuildFile; fileRef = D33A760E1A40EF550080D572 /* AudioToolbox.framework */; };
		D33A76111A40EF670080D572 /* CFNetwork.framework in Frameworks */ = {isa = PBXBuildFile; fileRef = D33A76101A40EF670080D572 /* CFNetwork.framework */; };
		D33A761B1A40EFA20080D572 /* CoreGraphics.framework in Frameworks */ = {isa = PBXBuildFile; fileRef = D33A76121A40EFA20080D572 /* CoreGraphics.framework */; };
		D33A761C1A40EFA20080D572 /* CoreLocation.framework in Frameworks */ = {isa = PBXBuildFile; fileRef = D33A76131A40EFA20080D572 /* CoreLocation.framework */; };
		D33A761D1A40EFA20080D572 /* libsqlite3.dylib in Frameworks */ = {isa = PBXBuildFile; fileRef = D33A76141A40EFA20080D572 /* libsqlite3.dylib */; };
		D33A761E1A40EFA20080D572 /* libz.dylib in Frameworks */ = {isa = PBXBuildFile; fileRef = D33A76151A40EFA20080D572 /* libz.dylib */; };
		D33A761F1A40EFA20080D572 /* MobileCoreServices.framework in Frameworks */ = {isa = PBXBuildFile; fileRef = D33A76161A40EFA20080D572 /* MobileCoreServices.framework */; };
		D33A76201A40EFA20080D572 /* QuartzCore.framework in Frameworks */ = {isa = PBXBuildFile; fileRef = D33A76171A40EFA20080D572 /* QuartzCore.framework */; };
		D33A76211A40EFA20080D572 /* Security.framework in Frameworks */ = {isa = PBXBuildFile; fileRef = D33A76181A40EFA20080D572 /* Security.framework */; };
		D33A76221A40EFA20080D572 /* StoreKit.framework in Frameworks */ = {isa = PBXBuildFile; fileRef = D33A76191A40EFA20080D572 /* StoreKit.framework */; };
		D33A76231A40EFA20080D572 /* SystemConfiguration.framework in Frameworks */ = {isa = PBXBuildFile; fileRef = D33A761A1A40EFA20080D572 /* SystemConfiguration.framework */; };
		D3A409021A93121500D8066A /* MBProgressHUD.m in Sources */ = {isa = PBXBuildFile; fileRef = D3A409011A93121500D8066A /* MBProgressHUD.m */; };
		D3A409051A9674C100D8066A /* UsernameSelectTableViewController.m in Sources */ = {isa = PBXBuildFile; fileRef = D3A409041A9674C100D8066A /* UsernameSelectTableViewController.m */; };
		D3A409071A97A06A00D8066A /* FacebookSDK.framework in Frameworks */ = {isa = PBXBuildFile; fileRef = D3A409061A97A06A00D8066A /* FacebookSDK.framework */; };
		D3A409121A9BEAF200D8066A /* ButlerBulldogs.m4a in Resources */ = {isa = PBXBuildFile; fileRef = D3A409081A9BEAF200D8066A /* ButlerBulldogs.m4a */; };
		D3A409131A9BEAF200D8066A /* Bzzt.m4a in Resources */ = {isa = PBXBuildFile; fileRef = D3A409091A9BEAF200D8066A /* Bzzt.m4a */; };
		D3A409141A9BEAF200D8066A /* FearShockers.m4a in Resources */ = {isa = PBXBuildFile; fileRef = D3A4090A1A9BEAF200D8066A /* FearShockers.m4a */; };
		D3A409151A9BEAF200D8066A /* GoHero.m4a in Resources */ = {isa = PBXBuildFile; fileRef = D3A4090B1A9BEAF200D8066A /* GoHero.m4a */; };
		D3A409161A9BEAF200D8066A /* GoMiracle.m4a in Resources */ = {isa = PBXBuildFile; fileRef = D3A4090C1A9BEAF200D8066A /* GoMiracle.m4a */; };
		D3A409171A9BEAF200D8066A /* NIowa.m4a in Resources */ = {isa = PBXBuildFile; fileRef = D3A4090D1A9BEAF200D8066A /* NIowa.m4a */; };
		D3A409181A9BEAF200D8066A /* SMU.m4a in Resources */ = {isa = PBXBuildFile; fileRef = D3A4090E1A9BEAF200D8066A /* SMU.m4a */; };
		D3A409191A9BEAF200D8066A /* VCU.m4a in Resources */ = {isa = PBXBuildFile; fileRef = D3A4090F1A9BEAF200D8066A /* VCU.m4a */; };
		D3A4091A1A9BEAF200D8066A /* Villanova.m4a in Resources */ = {isa = PBXBuildFile; fileRef = D3A409101A9BEAF200D8066A /* Villanova.m4a */; };
		D3A4091B1A9BEAF200D8066A /* Zags.m4a in Resources */ = {isa = PBXBuildFile; fileRef = D3A409111A9BEAF200D8066A /* Zags.m4a */; };
		D3A409211A9E41D800D8066A /* hero.m4a in Resources */ = {isa = PBXBuildFile; fileRef = D3A4091F1A9E41D800D8066A /* hero.m4a */; };
		D3A409221A9E41D800D8066A /* micracle.m4a in Resources */ = {isa = PBXBuildFile; fileRef = D3A409201A9E41D800D8066A /* micracle.m4a */; };
		D3AB61ED1A4351E6001C08D4 /* TutorialTableViewController.m in Sources */ = {isa = PBXBuildFile; fileRef = D3AB61EC1A4351E6001C08D4 /* TutorialTableViewController.m */; };
		D3AB61F41A477829001C08D4 /* libsqlite3.0.dylib in Frameworks */ = {isa = PBXBuildFile; fileRef = D3AB61F21A477829001C08D4 /* libsqlite3.0.dylib */; };
		D3AB61F51A477829001C08D4 /* libstdc++.6.dylib in Frameworks */ = {isa = PBXBuildFile; fileRef = D3AB61F31A477829001C08D4 /* libstdc++.6.dylib */; };
		D3AB61F81A4F3FE9001C08D4 /* UIAlertView+Blocks.m in Sources */ = {isa = PBXBuildFile; fileRef = D3AB61F71A4F3FE9001C08D4 /* UIAlertView+Blocks.m */; };
		D3AB62161A563CB7001C08D4 /* LogInTableViewController.m in Sources */ = {isa = PBXBuildFile; fileRef = D3AB62151A563CB7001C08D4 /* LogInTableViewController.m */; };
		D3AB621C1A572101001C08D4 /* UIFloatLabelTextField.m in Sources */ = {isa = PBXBuildFile; fileRef = D3AB621B1A572101001C08D4 /* UIFloatLabelTextField.m */; };
		D3AB621F1A579659001C08D4 /* SignUpTableViewController.m in Sources */ = {isa = PBXBuildFile; fileRef = D3AB621E1A579659001C08D4 /* SignUpTableViewController.m */; };
		D3AB62221A588314001C08D4 /* RivalryTableViewController.m in Sources */ = {isa = PBXBuildFile; fileRef = D3AB62211A588314001C08D4 /* RivalryTableViewController.m */; };
		D3AB62251A58F9FE001C08D4 /* SettingsTableViewController.m in Sources */ = {isa = PBXBuildFile; fileRef = D3AB62241A58F9FE001C08D4 /* SettingsTableViewController.m */; };
		D3C4A0F91A3EA0B0009B8E67 /* main.m in Sources */ = {isa = PBXBuildFile; fileRef = D3C4A0F81A3EA0B0009B8E67 /* main.m */; };
		D3C4A0FC1A3EA0B0009B8E67 /* AppDelegate.m in Sources */ = {isa = PBXBuildFile; fileRef = D3C4A0FB1A3EA0B0009B8E67 /* AppDelegate.m */; };
		D3C4A0FF1A3EA0B0009B8E67 /* rivalryapp.xcdatamodeld in Sources */ = {isa = PBXBuildFile; fileRef = D3C4A0FD1A3EA0B0009B8E67 /* rivalryapp.xcdatamodeld */; };
		D3C4A1051A3EA0B0009B8E67 /* Main.storyboard in Resources */ = {isa = PBXBuildFile; fileRef = D3C4A1031A3EA0B0009B8E67 /* Main.storyboard */; };
		D3C4A1071A3EA0B0009B8E67 /* Images.xcassets in Resources */ = {isa = PBXBuildFile; fileRef = D3C4A1061A3EA0B0009B8E67 /* Images.xcassets */; };
		D3C4A10A1A3EA0B0009B8E67 /* LaunchScreen.xib in Resources */ = {isa = PBXBuildFile; fileRef = D3C4A1081A3EA0B0009B8E67 /* LaunchScreen.xib */; };
		D3C4A1161A3EA0B0009B8E67 /* rivalryappTests.m in Sources */ = {isa = PBXBuildFile; fileRef = D3C4A1151A3EA0B0009B8E67 /* rivalryappTests.m */; };
/* End PBXBuildFile section */

/* Begin PBXContainerItemProxy section */
		D3C4A1101A3EA0B0009B8E67 /* PBXContainerItemProxy */ = {
			isa = PBXContainerItemProxy;
			containerPortal = D3C4A0EB1A3EA0AF009B8E67 /* Project object */;
			proxyType = 1;
			remoteGlobalIDString = D3C4A0F21A3EA0B0009B8E67;
			remoteInfo = rivalryapp;
		};
/* End PBXContainerItemProxy section */

/* Begin PBXFileReference section */
		D3304E4C1A6445AB00314DBF /* RecruitTableViewController.h */ = {isa = PBXFileReference; fileEncoding = 4; lastKnownFileType = sourcecode.c.h; path = RecruitTableViewController.h; sourceTree = "<group>"; };
		D3304E4D1A6445AB00314DBF /* RecruitTableViewController.m */ = {isa = PBXFileReference; fileEncoding = 4; lastKnownFileType = sourcecode.c.objc; path = RecruitTableViewController.m; sourceTree = "<group>"; };
		D3304E5E1A72DAE300314DBF /* InviteTableViewController.h */ = {isa = PBXFileReference; fileEncoding = 4; lastKnownFileType = sourcecode.c.h; path = InviteTableViewController.h; sourceTree = "<group>"; };
		D3304E5F1A72DAE300314DBF /* InviteTableViewController.m */ = {isa = PBXFileReference; fileEncoding = 4; lastKnownFileType = sourcecode.c.objc; path = InviteTableViewController.m; sourceTree = "<group>"; };
		D3304EDA1A76BC3500314DBF /* AAAAAA.m4a */ = {isa = PBXFileReference; lastKnownFileType = file; path = AAAAAA.m4a; sourceTree = "<group>"; };
		D3304EDB1A76BC3500314DBF /* AnchorDown.m4a */ = {isa = PBXFileReference; lastKnownFileType = file; path = AnchorDown.m4a; sourceTree = "<group>"; };
		D3304EDC1A76BC3500314DBF /* BoomerSooner.m4a */ = {isa = PBXFileReference; lastKnownFileType = file; path = BoomerSooner.m4a; sourceTree = "<group>"; };
		D3304EDD1A76BC3500314DBF /* FightPanthers.m4a */ = {isa = PBXFileReference; lastKnownFileType = file; path = FightPanthers.m4a; sourceTree = "<group>"; };
		D3304EDE1A76BC3500314DBF /* ForLaurel.m4a */ = {isa = PBXFileReference; lastKnownFileType = file; path = ForLaurel.m4a; sourceTree = "<group>"; };
		D3304EDF1A76BC3500314DBF /* GigEm.m4a */ = {isa = PBXFileReference; lastKnownFileType = file; path = GigEm.m4a; sourceTree = "<group>"; };
		D3304EE01A76BC3500314DBF /* GoBears.m4a */ = {isa = PBXFileReference; lastKnownFileType = file; path = GoBears.m4a; sourceTree = "<group>"; };
		D3304EE11A76BC3500314DBF /* GoBeavers.m4a */ = {isa = PBXFileReference; lastKnownFileType = file; path = GoBeavers.m4a; sourceTree = "<group>"; };
		D3304EE21A76BC3500314DBF /* GoBeaversAlt.m4a */ = {isa = PBXFileReference; lastKnownFileType = file; path = GoBeaversAlt.m4a; sourceTree = "<group>"; };
		D3304EE31A76BC3500314DBF /* GoBigRed.m4a */ = {isa = PBXFileReference; lastKnownFileType = file; path = GoBigRed.m4a; sourceTree = "<group>"; };
		D3304EE41A76BC3500314DBF /* GoBlazers.m4a */ = {isa = PBXFileReference; lastKnownFileType = file; path = GoBlazers.m4a; sourceTree = "<group>"; };
		D3304EE51A76BC3500314DBF /* GoBlue.m4a */ = {isa = PBXFileReference; lastKnownFileType = file; path = GoBlue.m4a; sourceTree = "<group>"; };
		D3304EE61A76BC3500314DBF /* GoBlueDevils.m4a */ = {isa = PBXFileReference; lastKnownFileType = file; path = GoBlueDevils.m4a; sourceTree = "<group>"; };
		D3304EE71A76BC3500314DBF /* GoBuckeyes.m4a */ = {isa = PBXFileReference; lastKnownFileType = file; path = GoBuckeyes.m4a; sourceTree = "<group>"; };
		D3304EE81A76BC3500314DBF /* GoBuffs.m4a */ = {isa = PBXFileReference; lastKnownFileType = file; path = GoBuffs.m4a; sourceTree = "<group>"; };
		D3304EE91A76BC3500314DBF /* GoCanes.m4a */ = {isa = PBXFileReference; lastKnownFileType = file; path = GoCanes.m4a; sourceTree = "<group>"; };
		D3304EEA1A76BC3500314DBF /* GoCards.m4a */ = {isa = PBXFileReference; lastKnownFileType = file; path = GoCards.m4a; sourceTree = "<group>"; };
		D3304EEB1A76BC3500314DBF /* GoCats.m4a */ = {isa = PBXFileReference; lastKnownFileType = file; path = GoCats.m4a; sourceTree = "<group>"; };
		D3304EEC1A76BC3500314DBF /* GoCocks.m4a */ = {isa = PBXFileReference; lastKnownFileType = file; path = GoCocks.m4a; sourceTree = "<group>"; };
		D3304EED1A76BC3500314DBF /* GoDawgs.m4a */ = {isa = PBXFileReference; lastKnownFileType = file; path = GoDawgs.m4a; sourceTree = "<group>"; };
		D3304EEE1A76BC3500314DBF /* GoDeacs.m4a */ = {isa = PBXFileReference; lastKnownFileType = file; path = GoDeacs.m4a; sourceTree = "<group>"; };
		D3304EEF1A76BC3500314DBF /* GoDores.m4a */ = {isa = PBXFileReference; lastKnownFileType = file; path = GoDores.m4a; sourceTree = "<group>"; };
		D3304EF01A76BC3500314DBF /* GoDucks.m4a */ = {isa = PBXFileReference; lastKnownFileType = file; path = GoDucks.m4a; sourceTree = "<group>"; };
		D3304EF11A76BC3500314DBF /* GoEagles.m4a */ = {isa = PBXFileReference; lastKnownFileType = file; path = GoEagles.m4a; sourceTree = "<group>"; };
		D3304EF21A76BC3500314DBF /* GoFrogs.m4a */ = {isa = PBXFileReference; lastKnownFileType = file; path = GoFrogs.m4a; sourceTree = "<group>"; };
		D3304EF31A76BC3500314DBF /* GoFrogsForLaurel.m4a */ = {isa = PBXFileReference; lastKnownFileType = file; path = GoFrogsForLaurel.m4a; sourceTree = "<group>"; };
		D3304EF41A76BC3500314DBF /* GoGators.m4a */ = {isa = PBXFileReference; lastKnownFileType = file; path = GoGators.m4a; sourceTree = "<group>"; };
		D3304EF51A76BC3500314DBF /* GoHeels.m4a */ = {isa = PBXFileReference; lastKnownFileType = file; path = GoHeels.m4a; sourceTree = "<group>"; };
		D3304EF61A76BC3500314DBF /* GoHogs.m4a */ = {isa = PBXFileReference; lastKnownFileType = file; path = GoHogs.m4a; sourceTree = "<group>"; };
		D3304EF71A76BC3500314DBF /* GoHokies.m4a */ = {isa = PBXFileReference; lastKnownFileType = file; path = GoHokies.m4a; sourceTree = "<group>"; };
		D3304EF81A76BC3500314DBF /* GoIrish.m4a */ = {isa = PBXFileReference; lastKnownFileType = file; path = GoIrish.m4a; sourceTree = "<group>"; };
		D3304EF91A76BC3500314DBF /* GoNoles.m4a */ = {isa = PBXFileReference; lastKnownFileType = file; path = GoNoles.m4a; sourceTree = "<group>"; };
		D3304EFA1A76BC3500314DBF /* GoOrange.m4a */ = {isa = PBXFileReference; lastKnownFileType = file; path = GoOrange.m4a; sourceTree = "<group>"; };
		D3304EFB1A76BC3500314DBF /* GoOwls.m4a */ = {isa = PBXFileReference; lastKnownFileType = file; path = GoOwls.m4a; sourceTree = "<group>"; };
		D3304EFC1A76BC3500314DBF /* GoPacks.m4a */ = {isa = PBXFileReference; lastKnownFileType = file; path = GoPacks.m4a; sourceTree = "<group>"; };
		D3304EFD1A76BC3500314DBF /* GoSpartans.m4a */ = {isa = PBXFileReference; lastKnownFileType = file; path = GoSpartans.m4a; sourceTree = "<group>"; };
		D3304EFE1A76BC3500314DBF /* GoTerps.m4a */ = {isa = PBXFileReference; lastKnownFileType = file; path = GoTerps.m4a; sourceTree = "<group>"; };
		D3304EFF1A76BC3500314DBF /* GoTigersClemson.m4a */ = {isa = PBXFileReference; lastKnownFileType = file; path = GoTigersClemson.m4a; sourceTree = "<group>"; };
		D3304F001A76BC3500314DBF /* GoVols.m4a */ = {isa = PBXFileReference; lastKnownFileType = file; path = GoVols.m4a; sourceTree = "<group>"; };
		D3304F011A76BC3500314DBF /* GunsUp.m4a */ = {isa = PBXFileReference; lastKnownFileType = file; path = GunsUp.m4a; sourceTree = "<group>"; };
		D3304F021A76BC3500314DBF /* HailSouthern.m4a */ = {isa = PBXFileReference; lastKnownFileType = file; path = HailSouthern.m4a; sourceTree = "<group>"; };
		D3304F031A76BC3500314DBF /* HailState.m4a */ = {isa = PBXFileReference; lastKnownFileType = file; path = HailState.m4a; sourceTree = "<group>"; };
		D3304F041A76BC3500314DBF /* HailToPitt.m4a */ = {isa = PBXFileReference; lastKnownFileType = file; path = HailToPitt.m4a; sourceTree = "<group>"; };
		D3304F051A76BC3500314DBF /* HookEmHorns.m4a */ = {isa = PBXFileReference; lastKnownFileType = file; path = HookEmHorns.m4a; sourceTree = "<group>"; };
		D3304F061A76BC3500314DBF /* HottyToddy.m4a */ = {isa = PBXFileReference; lastKnownFileType = file; path = HottyToddy.m4a; sourceTree = "<group>"; };
		D3304F071A76BC3500314DBF /* LetsGoMountaineers.m4a */ = {isa = PBXFileReference; lastKnownFileType = file; path = LetsGoMountaineers.m4a; sourceTree = "<group>"; };
		D3304F081A76BC3500314DBF /* MIZZOU.m4a */ = {isa = PBXFileReference; lastKnownFileType = file; path = MIZZOU.m4a; sourceTree = "<group>"; };
		D3304F091A76BC3500314DBF /* Output 1-2.m4a */ = {isa = PBXFileReference; lastKnownFileType = file; path = "Output 1-2.m4a"; sourceTree = "<group>"; };
		D3304F0A1A76BC3500314DBF /* RideEmCowboys.m4a */ = {isa = PBXFileReference; lastKnownFileType = file; path = RideEmCowboys.m4a; sourceTree = "<group>"; };
		D3304F0B1A76BC3500314DBF /* RollTide.m4a */ = {isa = PBXFileReference; lastKnownFileType = file; path = RollTide.m4a; sourceTree = "<group>"; };
		D3304F0C1A76BC3500314DBF /* SicEmBears.m4a */ = {isa = PBXFileReference; lastKnownFileType = file; path = SicEmBears.m4a; sourceTree = "<group>"; };
		D3304F0D1A76BC3500314DBF /* ToHellWithGeorgia.m4a */ = {isa = PBXFileReference; lastKnownFileType = file; path = ToHellWithGeorgia.m4a; sourceTree = "<group>"; };
		D3304F0E1A76BC3500314DBF /* Wahoowa.m4a */ = {isa = PBXFileReference; lastKnownFileType = file; path = Wahoowa.m4a; sourceTree = "<group>"; };
		D3304F0F1A76BC3500314DBF /* WarEagle.m4a */ = {isa = PBXFileReference; lastKnownFileType = file; path = WarEagle.m4a; sourceTree = "<group>"; };
		D3304F101A76BC3500314DBF /* WeArePennState.m4a */ = {isa = PBXFileReference; lastKnownFileType = file; path = WeArePennState.m4a; sourceTree = "<group>"; };
		D33A75FA1A40E3CC0080D572 /* TeamSelectTableViewController.h */ = {isa = PBXFileReference; fileEncoding = 4; lastKnownFileType = sourcecode.c.h; path = TeamSelectTableViewController.h; sourceTree = "<group>"; };
		D33A75FB1A40E3CC0080D572 /* TeamSelectTableViewController.m */ = {isa = PBXFileReference; fileEncoding = 4; lastKnownFileType = sourcecode.c.objc; path = TeamSelectTableViewController.m; sourceTree = "<group>"; };
		D33A75FD1A40E3EB0080D572 /* DataHelper.h */ = {isa = PBXFileReference; fileEncoding = 4; lastKnownFileType = sourcecode.c.h; path = DataHelper.h; sourceTree = "<group>"; };
		D33A75FE1A40E3EB0080D572 /* DataHelper.m */ = {isa = PBXFileReference; fileEncoding = 4; lastKnownFileType = sourcecode.c.objc; path = DataHelper.m; sourceTree = "<group>"; };
		D33A76001A40ED010080D572 /* TeamSelectTableViewCell.h */ = {isa = PBXFileReference; fileEncoding = 4; lastKnownFileType = sourcecode.c.h; path = TeamSelectTableViewCell.h; sourceTree = "<group>"; };
		D33A76011A40ED010080D572 /* TeamSelectTableViewCell.m */ = {isa = PBXFileReference; fileEncoding = 4; lastKnownFileType = sourcecode.c.objc; path = TeamSelectTableViewCell.m; sourceTree = "<group>"; };
		D33A76041A40EF310080D572 /* Bolts.framework */ = {isa = PBXFileReference; lastKnownFileType = wrapper.framework; path = Bolts.framework; sourceTree = "<group>"; };
		D33A76051A40EF310080D572 /* Parse.framework */ = {isa = PBXFileReference; lastKnownFileType = wrapper.framework; path = Parse.framework; sourceTree = "<group>"; };
		D33A76061A40EF310080D572 /* ParseCrashReporting.framework */ = {isa = PBXFileReference; lastKnownFileType = wrapper.framework; path = ParseCrashReporting.framework; sourceTree = "<group>"; };
		D33A76071A40EF310080D572 /* ParseFacebookUtils.framework */ = {isa = PBXFileReference; lastKnownFileType = wrapper.framework; path = ParseFacebookUtils.framework; sourceTree = "<group>"; };
		D33A76081A40EF310080D572 /* ParseUI.framework */ = {isa = PBXFileReference; lastKnownFileType = wrapper.framework; path = ParseUI.framework; sourceTree = "<group>"; };
		D33A760E1A40EF550080D572 /* AudioToolbox.framework */ = {isa = PBXFileReference; lastKnownFileType = wrapper.framework; name = AudioToolbox.framework; path = System/Library/Frameworks/AudioToolbox.framework; sourceTree = SDKROOT; };
		D33A76101A40EF670080D572 /* CFNetwork.framework */ = {isa = PBXFileReference; lastKnownFileType = wrapper.framework; name = CFNetwork.framework; path = System/Library/Frameworks/CFNetwork.framework; sourceTree = SDKROOT; };
		D33A76121A40EFA20080D572 /* CoreGraphics.framework */ = {isa = PBXFileReference; lastKnownFileType = wrapper.framework; name = CoreGraphics.framework; path = System/Library/Frameworks/CoreGraphics.framework; sourceTree = SDKROOT; };
		D33A76131A40EFA20080D572 /* CoreLocation.framework */ = {isa = PBXFileReference; lastKnownFileType = wrapper.framework; name = CoreLocation.framework; path = System/Library/Frameworks/CoreLocation.framework; sourceTree = SDKROOT; };
		D33A76141A40EFA20080D572 /* libsqlite3.dylib */ = {isa = PBXFileReference; lastKnownFileType = "compiled.mach-o.dylib"; name = libsqlite3.dylib; path = usr/lib/libsqlite3.dylib; sourceTree = SDKROOT; };
		D33A76151A40EFA20080D572 /* libz.dylib */ = {isa = PBXFileReference; lastKnownFileType = "compiled.mach-o.dylib"; name = libz.dylib; path = usr/lib/libz.dylib; sourceTree = SDKROOT; };
		D33A76161A40EFA20080D572 /* MobileCoreServices.framework */ = {isa = PBXFileReference; lastKnownFileType = wrapper.framework; name = MobileCoreServices.framework; path = System/Library/Frameworks/MobileCoreServices.framework; sourceTree = SDKROOT; };
		D33A76171A40EFA20080D572 /* QuartzCore.framework */ = {isa = PBXFileReference; lastKnownFileType = wrapper.framework; name = QuartzCore.framework; path = System/Library/Frameworks/QuartzCore.framework; sourceTree = SDKROOT; };
		D33A76181A40EFA20080D572 /* Security.framework */ = {isa = PBXFileReference; lastKnownFileType = wrapper.framework; name = Security.framework; path = System/Library/Frameworks/Security.framework; sourceTree = SDKROOT; };
		D33A76191A40EFA20080D572 /* StoreKit.framework */ = {isa = PBXFileReference; lastKnownFileType = wrapper.framework; name = StoreKit.framework; path = System/Library/Frameworks/StoreKit.framework; sourceTree = SDKROOT; };
		D33A761A1A40EFA20080D572 /* SystemConfiguration.framework */ = {isa = PBXFileReference; lastKnownFileType = wrapper.framework; name = SystemConfiguration.framework; path = System/Library/Frameworks/SystemConfiguration.framework; sourceTree = SDKROOT; };
		D3A409001A93121500D8066A /* MBProgressHUD.h */ = {isa = PBXFileReference; fileEncoding = 4; lastKnownFileType = sourcecode.c.h; path = MBProgressHUD.h; sourceTree = "<group>"; };
		D3A409011A93121500D8066A /* MBProgressHUD.m */ = {isa = PBXFileReference; fileEncoding = 4; lastKnownFileType = sourcecode.c.objc; path = MBProgressHUD.m; sourceTree = "<group>"; };
		D3A409031A9674C100D8066A /* UsernameSelectTableViewController.h */ = {isa = PBXFileReference; fileEncoding = 4; lastKnownFileType = sourcecode.c.h; path = UsernameSelectTableViewController.h; sourceTree = "<group>"; };
		D3A409041A9674C100D8066A /* UsernameSelectTableViewController.m */ = {isa = PBXFileReference; fileEncoding = 4; lastKnownFileType = sourcecode.c.objc; path = UsernameSelectTableViewController.m; sourceTree = "<group>"; };
		D3A409061A97A06A00D8066A /* FacebookSDK.framework */ = {isa = PBXFileReference; lastKnownFileType = wrapper.framework; path = FacebookSDK.framework; sourceTree = "<group>"; };
		D3A409081A9BEAF200D8066A /* ButlerBulldogs.m4a */ = {isa = PBXFileReference; lastKnownFileType = file; path = ButlerBulldogs.m4a; sourceTree = "<group>"; };
		D3A409091A9BEAF200D8066A /* Bzzt.m4a */ = {isa = PBXFileReference; lastKnownFileType = file; path = Bzzt.m4a; sourceTree = "<group>"; };
		D3A4090A1A9BEAF200D8066A /* FearShockers.m4a */ = {isa = PBXFileReference; lastKnownFileType = file; path = FearShockers.m4a; sourceTree = "<group>"; };
		D3A4090B1A9BEAF200D8066A /* GoHero.m4a */ = {isa = PBXFileReference; lastKnownFileType = file; path = GoHero.m4a; sourceTree = "<group>"; };
		D3A4090C1A9BEAF200D8066A /* GoMiracle.m4a */ = {isa = PBXFileReference; lastKnownFileType = file; path = GoMiracle.m4a; sourceTree = "<group>"; };
		D3A4090D1A9BEAF200D8066A /* NIowa.m4a */ = {isa = PBXFileReference; lastKnownFileType = file; path = NIowa.m4a; sourceTree = "<group>"; };
		D3A4090E1A9BEAF200D8066A /* SMU.m4a */ = {isa = PBXFileReference; lastKnownFileType = file; path = SMU.m4a; sourceTree = "<group>"; };
		D3A4090F1A9BEAF200D8066A /* VCU.m4a */ = {isa = PBXFileReference; lastKnownFileType = file; path = VCU.m4a; sourceTree = "<group>"; };
		D3A409101A9BEAF200D8066A /* Villanova.m4a */ = {isa = PBXFileReference; lastKnownFileType = file; path = Villanova.m4a; sourceTree = "<group>"; };
		D3A409111A9BEAF200D8066A /* Zags.m4a */ = {isa = PBXFileReference; lastKnownFileType = file; path = Zags.m4a; sourceTree = "<group>"; };
		D3A4091F1A9E41D800D8066A /* hero.m4a */ = {isa = PBXFileReference; lastKnownFileType = file; path = hero.m4a; sourceTree = "<group>"; };
		D3A409201A9E41D800D8066A /* micracle.m4a */ = {isa = PBXFileReference; lastKnownFileType = file; path = micracle.m4a; sourceTree = "<group>"; };
		D3AB61EB1A4351E6001C08D4 /* TutorialTableViewController.h */ = {isa = PBXFileReference; fileEncoding = 4; lastKnownFileType = sourcecode.c.h; path = TutorialTableViewController.h; sourceTree = "<group>"; };
		D3AB61EC1A4351E6001C08D4 /* TutorialTableViewController.m */ = {isa = PBXFileReference; fileEncoding = 4; lastKnownFileType = sourcecode.c.objc; path = TutorialTableViewController.m; sourceTree = "<group>"; };
		D3AB61F21A477829001C08D4 /* libsqlite3.0.dylib */ = {isa = PBXFileReference; lastKnownFileType = "compiled.mach-o.dylib"; name = libsqlite3.0.dylib; path = usr/lib/libsqlite3.0.dylib; sourceTree = SDKROOT; };
		D3AB61F31A477829001C08D4 /* libstdc++.6.dylib */ = {isa = PBXFileReference; lastKnownFileType = "compiled.mach-o.dylib"; name = "libstdc++.6.dylib"; path = "usr/lib/libstdc++.6.dylib"; sourceTree = SDKROOT; };
		D3AB61F61A4F3FE9001C08D4 /* UIAlertView+Blocks.h */ = {isa = PBXFileReference; fileEncoding = 4; lastKnownFileType = sourcecode.c.h; path = "UIAlertView+Blocks.h"; sourceTree = "<group>"; };
		D3AB61F71A4F3FE9001C08D4 /* UIAlertView+Blocks.m */ = {isa = PBXFileReference; fileEncoding = 4; lastKnownFileType = sourcecode.c.objc; path = "UIAlertView+Blocks.m"; sourceTree = "<group>"; };
		D3AB62141A563CB7001C08D4 /* LogInTableViewController.h */ = {isa = PBXFileReference; fileEncoding = 4; lastKnownFileType = sourcecode.c.h; path = LogInTableViewController.h; sourceTree = "<group>"; };
		D3AB62151A563CB7001C08D4 /* LogInTableViewController.m */ = {isa = PBXFileReference; fileEncoding = 4; lastKnownFileType = sourcecode.c.objc; path = LogInTableViewController.m; sourceTree = "<group>"; };
		D3AB621A1A572101001C08D4 /* UIFloatLabelTextField.h */ = {isa = PBXFileReference; fileEncoding = 4; lastKnownFileType = sourcecode.c.h; path = UIFloatLabelTextField.h; sourceTree = "<group>"; };
		D3AB621B1A572101001C08D4 /* UIFloatLabelTextField.m */ = {isa = PBXFileReference; fileEncoding = 4; lastKnownFileType = sourcecode.c.objc; path = UIFloatLabelTextField.m; sourceTree = "<group>"; };
		D3AB621D1A579659001C08D4 /* SignUpTableViewController.h */ = {isa = PBXFileReference; fileEncoding = 4; lastKnownFileType = sourcecode.c.h; path = SignUpTableViewController.h; sourceTree = "<group>"; };
		D3AB621E1A579659001C08D4 /* SignUpTableViewController.m */ = {isa = PBXFileReference; fileEncoding = 4; lastKnownFileType = sourcecode.c.objc; path = SignUpTableViewController.m; sourceTree = "<group>"; };
		D3AB62201A588314001C08D4 /* RivalryTableViewController.h */ = {isa = PBXFileReference; fileEncoding = 4; lastKnownFileType = sourcecode.c.h; path = RivalryTableViewController.h; sourceTree = "<group>"; };
		D3AB62211A588314001C08D4 /* RivalryTableViewController.m */ = {isa = PBXFileReference; fileEncoding = 4; lastKnownFileType = sourcecode.c.objc; path = RivalryTableViewController.m; sourceTree = "<group>"; };
		D3AB62231A58F9FE001C08D4 /* SettingsTableViewController.h */ = {isa = PBXFileReference; fileEncoding = 4; lastKnownFileType = sourcecode.c.h; path = SettingsTableViewController.h; sourceTree = "<group>"; };
		D3AB62241A58F9FE001C08D4 /* SettingsTableViewController.m */ = {isa = PBXFileReference; fileEncoding = 4; lastKnownFileType = sourcecode.c.objc; path = SettingsTableViewController.m; sourceTree = "<group>"; };
		D3C4A0F31A3EA0B0009B8E67 /* rivalryapp.app */ = {isa = PBXFileReference; explicitFileType = wrapper.application; includeInIndex = 0; path = rivalryapp.app; sourceTree = BUILT_PRODUCTS_DIR; };
		D3C4A0F71A3EA0B0009B8E67 /* Info.plist */ = {isa = PBXFileReference; lastKnownFileType = text.plist.xml; path = Info.plist; sourceTree = "<group>"; };
		D3C4A0F81A3EA0B0009B8E67 /* main.m */ = {isa = PBXFileReference; lastKnownFileType = sourcecode.c.objc; path = main.m; sourceTree = "<group>"; };
		D3C4A0FA1A3EA0B0009B8E67 /* AppDelegate.h */ = {isa = PBXFileReference; lastKnownFileType = sourcecode.c.h; path = AppDelegate.h; sourceTree = "<group>"; };
		D3C4A0FB1A3EA0B0009B8E67 /* AppDelegate.m */ = {isa = PBXFileReference; lastKnownFileType = sourcecode.c.objc; path = AppDelegate.m; sourceTree = "<group>"; };
		D3C4A0FE1A3EA0B0009B8E67 /* rivalryapp.xcdatamodel */ = {isa = PBXFileReference; lastKnownFileType = wrapper.xcdatamodel; path = rivalryapp.xcdatamodel; sourceTree = "<group>"; };
		D3C4A1041A3EA0B0009B8E67 /* Base */ = {isa = PBXFileReference; lastKnownFileType = file.storyboard; name = Base; path = Base.lproj/Main.storyboard; sourceTree = "<group>"; };
		D3C4A1061A3EA0B0009B8E67 /* Images.xcassets */ = {isa = PBXFileReference; lastKnownFileType = folder.assetcatalog; path = Images.xcassets; sourceTree = "<group>"; };
		D3C4A1091A3EA0B0009B8E67 /* Base */ = {isa = PBXFileReference; lastKnownFileType = file.xib; name = Base; path = Base.lproj/LaunchScreen.xib; sourceTree = "<group>"; };
		D3C4A10F1A3EA0B0009B8E67 /* rivalryappTests.xctest */ = {isa = PBXFileReference; explicitFileType = wrapper.cfbundle; includeInIndex = 0; path = rivalryappTests.xctest; sourceTree = BUILT_PRODUCTS_DIR; };
		D3C4A1141A3EA0B0009B8E67 /* Info.plist */ = {isa = PBXFileReference; lastKnownFileType = text.plist.xml; path = Info.plist; sourceTree = "<group>"; };
		D3C4A1151A3EA0B0009B8E67 /* rivalryappTests.m */ = {isa = PBXFileReference; lastKnownFileType = sourcecode.c.objc; path = rivalryappTests.m; sourceTree = "<group>"; };
/* End PBXFileReference section */

/* Begin PBXFrameworksBuildPhase section */
		D3C4A0F01A3EA0B0009B8E67 /* Frameworks */ = {
			isa = PBXFrameworksBuildPhase;
			buildActionMask = 2147483647;
			files = (
				D3AB61F41A477829001C08D4 /* libsqlite3.0.dylib in Frameworks */,
				D3A409071A97A06A00D8066A /* FacebookSDK.framework in Frameworks */,
				D3AB61F51A477829001C08D4 /* libstdc++.6.dylib in Frameworks */,
				D33A761B1A40EFA20080D572 /* CoreGraphics.framework in Frameworks */,
				D33A761C1A40EFA20080D572 /* CoreLocation.framework in Frameworks */,
				D33A761D1A40EFA20080D572 /* libsqlite3.dylib in Frameworks */,
				D33A761E1A40EFA20080D572 /* libz.dylib in Frameworks */,
				D33A761F1A40EFA20080D572 /* MobileCoreServices.framework in Frameworks */,
				D33A76201A40EFA20080D572 /* QuartzCore.framework in Frameworks */,
				D33A76211A40EFA20080D572 /* Security.framework in Frameworks */,
				D33A76221A40EFA20080D572 /* StoreKit.framework in Frameworks */,
				D33A76231A40EFA20080D572 /* SystemConfiguration.framework in Frameworks */,
				D33A76111A40EF670080D572 /* CFNetwork.framework in Frameworks */,
				D33A760F1A40EF550080D572 /* AudioToolbox.framework in Frameworks */,
				D33A760A1A40EF310080D572 /* Parse.framework in Frameworks */,
				D33A760B1A40EF310080D572 /* ParseCrashReporting.framework in Frameworks */,
				D33A760D1A40EF310080D572 /* ParseUI.framework in Frameworks */,
				D33A760C1A40EF310080D572 /* ParseFacebookUtils.framework in Frameworks */,
				D33A76091A40EF310080D572 /* Bolts.framework in Frameworks */,
			);
			runOnlyForDeploymentPostprocessing = 0;
		};
		D3C4A10C1A3EA0B0009B8E67 /* Frameworks */ = {
			isa = PBXFrameworksBuildPhase;
			buildActionMask = 2147483647;
			files = (
			);
			runOnlyForDeploymentPostprocessing = 0;
		};
/* End PBXFrameworksBuildPhase section */

/* Begin PBXGroup section */
		D33A76031A40EF120080D572 /* Frameworks */ = {
			isa = PBXGroup;
			children = (
				D3A409061A97A06A00D8066A /* FacebookSDK.framework */,
				D33A76121A40EFA20080D572 /* CoreGraphics.framework */,
				D33A76131A40EFA20080D572 /* CoreLocation.framework */,
				D33A76141A40EFA20080D572 /* libsqlite3.dylib */,
				D3AB61F21A477829001C08D4 /* libsqlite3.0.dylib */,
				D3AB61F31A477829001C08D4 /* libstdc++.6.dylib */,
				D33A76151A40EFA20080D572 /* libz.dylib */,
				D33A76161A40EFA20080D572 /* MobileCoreServices.framework */,
				D33A76171A40EFA20080D572 /* QuartzCore.framework */,
				D33A76181A40EFA20080D572 /* Security.framework */,
				D33A76191A40EFA20080D572 /* StoreKit.framework */,
				D33A761A1A40EFA20080D572 /* SystemConfiguration.framework */,
				D33A76101A40EF670080D572 /* CFNetwork.framework */,
				D33A760E1A40EF550080D572 /* AudioToolbox.framework */,
				D33A76041A40EF310080D572 /* Bolts.framework */,
				D33A76051A40EF310080D572 /* Parse.framework */,
				D33A76061A40EF310080D572 /* ParseCrashReporting.framework */,
				D33A76071A40EF310080D572 /* ParseFacebookUtils.framework */,
				D33A76081A40EF310080D572 /* ParseUI.framework */,
			);
			name = Frameworks;
			sourceTree = "<group>";
		};
		D3AB61EA1A426524001C08D4 /* Added Frameworks */ = {
			isa = PBXGroup;
			children = (
				D3A409001A93121500D8066A /* MBProgressHUD.h */,
				D3A409011A93121500D8066A /* MBProgressHUD.m */,
				D3AB621A1A572101001C08D4 /* UIFloatLabelTextField.h */,
				D3AB621B1A572101001C08D4 /* UIFloatLabelTextField.m */,
				D3AB61F61A4F3FE9001C08D4 /* UIAlertView+Blocks.h */,
				D3AB61F71A4F3FE9001C08D4 /* UIAlertView+Blocks.m */,
				D3A4091C1A9BED2100D8066A /* MBProgressHUD.h */,
				D3A4091D1A9BED2100D8066A /* MBProgressHUD.m */,
			);
			name = "Added Frameworks";
			sourceTree = "<group>";
		};
		D3C4A0EA1A3EA0AF009B8E67 = {
			isa = PBXGroup;
			children = (
				D3C4A0F51A3EA0B0009B8E67 /* rivalryapp */,
				D3C4A1121A3EA0B0009B8E67 /* rivalryappTests */,
				D3C4A0F41A3EA0B0009B8E67 /* Products */,
			);
			sourceTree = "<group>";
		};
		D3C4A0F41A3EA0B0009B8E67 /* Products */ = {
			isa = PBXGroup;
			children = (
				D3C4A0F31A3EA0B0009B8E67 /* rivalryapp.app */,
				D3C4A10F1A3EA0B0009B8E67 /* rivalryappTests.xctest */,
			);
			name = Products;
			sourceTree = "<group>";
		};
		D3C4A0F51A3EA0B0009B8E67 /* rivalryapp */ = {
			isa = PBXGroup;
			children = (
				D3C4A0FA1A3EA0B0009B8E67 /* AppDelegate.h */,
				D3C4A0FB1A3EA0B0009B8E67 /* AppDelegate.m */,
				D33A75FD1A40E3EB0080D572 /* DataHelper.h */,
				D33A75FE1A40E3EB0080D572 /* DataHelper.m */,
				D33A75FA1A40E3CC0080D572 /* TeamSelectTableViewController.h */,
				D33A75FB1A40E3CC0080D572 /* TeamSelectTableViewController.m */,
				D33A76001A40ED010080D572 /* TeamSelectTableViewCell.h */,
				D33A76011A40ED010080D572 /* TeamSelectTableViewCell.m */,
				D3AB61EB1A4351E6001C08D4 /* TutorialTableViewController.h */,
				D3AB61EC1A4351E6001C08D4 /* TutorialTableViewController.m */,
				D3AB62141A563CB7001C08D4 /* LogInTableViewController.h */,
				D3AB62151A563CB7001C08D4 /* LogInTableViewController.m */,
				D3A409031A9674C100D8066A /* UsernameSelectTableViewController.h */,
				D3A409041A9674C100D8066A /* UsernameSelectTableViewController.m */,
				D3AB621D1A579659001C08D4 /* SignUpTableViewController.h */,
				D3AB621E1A579659001C08D4 /* SignUpTableViewController.m */,
				D3AB62201A588314001C08D4 /* RivalryTableViewController.h */,
				D3AB62211A588314001C08D4 /* RivalryTableViewController.m */,
				D3AB62231A58F9FE001C08D4 /* SettingsTableViewController.h */,
				D3AB62241A58F9FE001C08D4 /* SettingsTableViewController.m */,
				D3304E4C1A6445AB00314DBF /* RecruitTableViewController.h */,
				D3304E4D1A6445AB00314DBF /* RecruitTableViewController.m */,
				D3304E5E1A72DAE300314DBF /* InviteTableViewController.h */,
				D3304E5F1A72DAE300314DBF /* InviteTableViewController.m */,
				D3C4A1031A3EA0B0009B8E67 /* Main.storyboard */,
				D3C4A1081A3EA0B0009B8E67 /* LaunchScreen.xib */,
				D3C4A1061A3EA0B0009B8E67 /* Images.xcassets */,
				D3C4A0FD1A3EA0B0009B8E67 /* rivalryapp.xcdatamodeld */,
				D3AB61EA1A426524001C08D4 /* Added Frameworks */,
				D3C4A0F61A3EA0B0009B8E67 /* Supporting Files */,
			);
			path = rivalryapp;
			sourceTree = "<group>";
		};
		D3C4A0F61A3EA0B0009B8E67 /* Supporting Files */ = {
			isa = PBXGroup;
			children = (
				D3A4091F1A9E41D800D8066A /* hero.m4a */,
				D3A409201A9E41D800D8066A /* micracle.m4a */,
				D3A409081A9BEAF200D8066A /* ButlerBulldogs.m4a */,
				D3A409091A9BEAF200D8066A /* Bzzt.m4a */,
				D3A4090A1A9BEAF200D8066A /* FearShockers.m4a */,
				D3A4090B1A9BEAF200D8066A /* GoHero.m4a */,
				D3A4090C1A9BEAF200D8066A /* GoMiracle.m4a */,
				D3A4090D1A9BEAF200D8066A /* NIowa.m4a */,
				D3A4090E1A9BEAF200D8066A /* SMU.m4a */,
				D3A4090F1A9BEAF200D8066A /* VCU.m4a */,
				D3A409101A9BEAF200D8066A /* Villanova.m4a */,
				D3A409111A9BEAF200D8066A /* Zags.m4a */,
				D3304EDA1A76BC3500314DBF /* AAAAAA.m4a */,
				D3304EDB1A76BC3500314DBF /* AnchorDown.m4a */,
				D3304EDC1A76BC3500314DBF /* BoomerSooner.m4a */,
				D3304EDD1A76BC3500314DBF /* FightPanthers.m4a */,
				D3304EDE1A76BC3500314DBF /* ForLaurel.m4a */,
				D3304EDF1A76BC3500314DBF /* GigEm.m4a */,
				D3304EE01A76BC3500314DBF /* GoBears.m4a */,
				D3304EE11A76BC3500314DBF /* GoBeavers.m4a */,
				D3304EE21A76BC3500314DBF /* GoBeaversAlt.m4a */,
				D3304EE31A76BC3500314DBF /* GoBigRed.m4a */,
				D3304EE41A76BC3500314DBF /* GoBlazers.m4a */,
				D3304EE51A76BC3500314DBF /* GoBlue.m4a */,
				D3304EE61A76BC3500314DBF /* GoBlueDevils.m4a */,
				D3304EE71A76BC3500314DBF /* GoBuckeyes.m4a */,
				D3304EE81A76BC3500314DBF /* GoBuffs.m4a */,
				D3304EE91A76BC3500314DBF /* GoCanes.m4a */,
				D3304EEA1A76BC3500314DBF /* GoCards.m4a */,
				D3304EEB1A76BC3500314DBF /* GoCats.m4a */,
				D3304EEC1A76BC3500314DBF /* GoCocks.m4a */,
				D3304EED1A76BC3500314DBF /* GoDawgs.m4a */,
				D3304EEE1A76BC3500314DBF /* GoDeacs.m4a */,
				D3304EEF1A76BC3500314DBF /* GoDores.m4a */,
				D3304EF01A76BC3500314DBF /* GoDucks.m4a */,
				D3304EF11A76BC3500314DBF /* GoEagles.m4a */,
				D3304EF21A76BC3500314DBF /* GoFrogs.m4a */,
				D3304EF31A76BC3500314DBF /* GoFrogsForLaurel.m4a */,
				D3304EF41A76BC3500314DBF /* GoGators.m4a */,
				D3304EF51A76BC3500314DBF /* GoHeels.m4a */,
				D3304EF61A76BC3500314DBF /* GoHogs.m4a */,
				D3304EF71A76BC3500314DBF /* GoHokies.m4a */,
				D3304EF81A76BC3500314DBF /* GoIrish.m4a */,
				D3304EF91A76BC3500314DBF /* GoNoles.m4a */,
				D3304EFA1A76BC3500314DBF /* GoOrange.m4a */,
				D3304EFB1A76BC3500314DBF /* GoOwls.m4a */,
				D3304EFC1A76BC3500314DBF /* GoPacks.m4a */,
				D3304EFD1A76BC3500314DBF /* GoSpartans.m4a */,
				D3304EFE1A76BC3500314DBF /* GoTerps.m4a */,
				D3304EFF1A76BC3500314DBF /* GoTigersClemson.m4a */,
				D3304F001A76BC3500314DBF /* GoVols.m4a */,
				D3304F011A76BC3500314DBF /* GunsUp.m4a */,
				D3304F021A76BC3500314DBF /* HailSouthern.m4a */,
				D3304F031A76BC3500314DBF /* HailState.m4a */,
				D3304F041A76BC3500314DBF /* HailToPitt.m4a */,
				D3304F051A76BC3500314DBF /* HookEmHorns.m4a */,
				D3304F061A76BC3500314DBF /* HottyToddy.m4a */,
				D3304F071A76BC3500314DBF /* LetsGoMountaineers.m4a */,
				D3304F081A76BC3500314DBF /* MIZZOU.m4a */,
				D3304F091A76BC3500314DBF /* Output 1-2.m4a */,
				D3304F0A1A76BC3500314DBF /* RideEmCowboys.m4a */,
				D3304F0B1A76BC3500314DBF /* RollTide.m4a */,
				D3304F0C1A76BC3500314DBF /* SicEmBears.m4a */,
				D3304F0D1A76BC3500314DBF /* ToHellWithGeorgia.m4a */,
				D3304F0E1A76BC3500314DBF /* Wahoowa.m4a */,
				D3304F0F1A76BC3500314DBF /* WarEagle.m4a */,
				D3304F101A76BC3500314DBF /* WeArePennState.m4a */,
				D33A76031A40EF120080D572 /* Frameworks */,
				D3C4A0F71A3EA0B0009B8E67 /* Info.plist */,
				D3C4A0F81A3EA0B0009B8E67 /* main.m */,
			);
			name = "Supporting Files";
			sourceTree = "<group>";
		};
		D3C4A1121A3EA0B0009B8E67 /* rivalryappTests */ = {
			isa = PBXGroup;
			children = (
				D3C4A1151A3EA0B0009B8E67 /* rivalryappTests.m */,
				D3C4A1131A3EA0B0009B8E67 /* Supporting Files */,
			);
			path = rivalryappTests;
			sourceTree = "<group>";
		};
		D3C4A1131A3EA0B0009B8E67 /* Supporting Files */ = {
			isa = PBXGroup;
			children = (
				D3C4A1141A3EA0B0009B8E67 /* Info.plist */,
			);
			name = "Supporting Files";
			sourceTree = "<group>";
		};
/* End PBXGroup section */

/* Begin PBXNativeTarget section */
		D3C4A0F21A3EA0B0009B8E67 /* rivalryapp */ = {
			isa = PBXNativeTarget;
			buildConfigurationList = D3C4A1191A3EA0B0009B8E67 /* Build configuration list for PBXNativeTarget "rivalryapp" */;
			buildPhases = (
				D3C4A0EF1A3EA0B0009B8E67 /* Sources */,
				D3C4A0F01A3EA0B0009B8E67 /* Frameworks */,
				D3C4A0F11A3EA0B0009B8E67 /* Resources */,
				D3C4A11F1A3EA160009B8E67 /* ShellScript */,
			);
			buildRules = (
			);
			dependencies = (
			);
			name = rivalryapp;
			productName = rivalryapp;
			productReference = D3C4A0F31A3EA0B0009B8E67 /* rivalryapp.app */;
			productType = "com.apple.product-type.application";
		};
		D3C4A10E1A3EA0B0009B8E67 /* rivalryappTests */ = {
			isa = PBXNativeTarget;
			buildConfigurationList = D3C4A11C1A3EA0B0009B8E67 /* Build configuration list for PBXNativeTarget "rivalryappTests" */;
			buildPhases = (
				D3C4A10B1A3EA0B0009B8E67 /* Sources */,
				D3C4A10C1A3EA0B0009B8E67 /* Frameworks */,
				D3C4A10D1A3EA0B0009B8E67 /* Resources */,
			);
			buildRules = (
			);
			dependencies = (
				D3C4A1111A3EA0B0009B8E67 /* PBXTargetDependency */,
			);
			name = rivalryappTests;
			productName = rivalryappTests;
			productReference = D3C4A10F1A3EA0B0009B8E67 /* rivalryappTests.xctest */;
			productType = "com.apple.product-type.bundle.unit-test";
		};
/* End PBXNativeTarget section */

/* Begin PBXProject section */
		D3C4A0EB1A3EA0AF009B8E67 /* Project object */ = {
			isa = PBXProject;
			attributes = {
				LastUpgradeCheck = 0610;
				ORGANIZATIONNAME = "Rivalry Technologies";
				TargetAttributes = {
					D3C4A0F21A3EA0B0009B8E67 = {
						CreatedOnToolsVersion = 6.1.1;
						DevelopmentTeam = T9TTMKMJR8;
					};
					D3C4A10E1A3EA0B0009B8E67 = {
						CreatedOnToolsVersion = 6.1.1;
						TestTargetID = D3C4A0F21A3EA0B0009B8E67;
					};
				};
			};
			buildConfigurationList = D3C4A0EE1A3EA0AF009B8E67 /* Build configuration list for PBXProject "rivalryapp" */;
			compatibilityVersion = "Xcode 3.2";
			developmentRegion = English;
			hasScannedForEncodings = 0;
			knownRegions = (
				en,
				Base,
			);
			mainGroup = D3C4A0EA1A3EA0AF009B8E67;
			productRefGroup = D3C4A0F41A3EA0B0009B8E67 /* Products */;
			projectDirPath = "";
			projectRoot = "";
			targets = (
				D3C4A0F21A3EA0B0009B8E67 /* rivalryapp */,
				D3C4A10E1A3EA0B0009B8E67 /* rivalryappTests */,
			);
		};
/* End PBXProject section */

/* Begin PBXResourcesBuildPhase section */
		D3C4A0F11A3EA0B0009B8E67 /* Resources */ = {
			isa = PBXResourcesBuildPhase;
			buildActionMask = 2147483647;
			files = (
				D3304F121A76BC3500314DBF /* AnchorDown.m4a in Resources */,
				D3304F2D1A76BC3500314DBF /* GoHogs.m4a in Resources */,
				D3304F391A76BC3500314DBF /* HailSouthern.m4a in Resources */,
				D3304F251A76BC3500314DBF /* GoDeacs.m4a in Resources */,
				D3304F151A76BC3500314DBF /* ForLaurel.m4a in Resources */,
				D3A409121A9BEAF200D8066A /* ButlerBulldogs.m4a in Resources */,
				D3304F321A76BC3500314DBF /* GoOwls.m4a in Resources */,
				D3304F401A76BC3500314DBF /* Output 1-2.m4a in Resources */,
				D3304F241A76BC3500314DBF /* GoDawgs.m4a in Resources */,
				D3A409191A9BEAF200D8066A /* VCU.m4a in Resources */,
				D3A409181A9BEAF200D8066A /* SMU.m4a in Resources */,
				D3304F3C1A76BC3500314DBF /* HookEmHorns.m4a in Resources */,
				D3A409221A9E41D800D8066A /* micracle.m4a in Resources */,
				D3304F3F1A76BC3500314DBF /* MIZZOU.m4a in Resources */,
				D3A409211A9E41D800D8066A /* hero.m4a in Resources */,
				D3304F111A76BC3500314DBF /* AAAAAA.m4a in Resources */,
				D3304F271A76BC3500314DBF /* GoDucks.m4a in Resources */,
				D3304F441A76BC3500314DBF /* ToHellWithGeorgia.m4a in Resources */,
				D3A409131A9BEAF200D8066A /* Bzzt.m4a in Resources */,
				D3C4A1051A3EA0B0009B8E67 /* Main.storyboard in Resources */,
				D3304F1B1A76BC3500314DBF /* GoBlazers.m4a in Resources */,
				D3304F2B1A76BC3500314DBF /* GoGators.m4a in Resources */,
				D3304F421A76BC3500314DBF /* RollTide.m4a in Resources */,
				D3304F451A76BC3500314DBF /* Wahoowa.m4a in Resources */,
				D3304F1D1A76BC3500314DBF /* GoBlueDevils.m4a in Resources */,
				D3304F371A76BC3500314DBF /* GoVols.m4a in Resources */,
				D3C4A10A1A3EA0B0009B8E67 /* LaunchScreen.xib in Resources */,
				D3A409171A9BEAF200D8066A /* NIowa.m4a in Resources */,
				D3304F3A1A76BC3500314DBF /* HailState.m4a in Resources */,
				D3304F291A76BC3500314DBF /* GoFrogs.m4a in Resources */,
				D3304F3E1A76BC3500314DBF /* LetsGoMountaineers.m4a in Resources */,
				D3A4091B1A9BEAF200D8066A /* Zags.m4a in Resources */,
				D3304F141A76BC3500314DBF /* FightPanthers.m4a in Resources */,
				D3304F351A76BC3500314DBF /* GoTerps.m4a in Resources */,
				D3304F231A76BC3500314DBF /* GoCocks.m4a in Resources */,
				D3304F2E1A76BC3500314DBF /* GoHokies.m4a in Resources */,
				D3304F301A76BC3500314DBF /* GoNoles.m4a in Resources */,
				D3304F2C1A76BC3500314DBF /* GoHeels.m4a in Resources */,
				D3304F311A76BC3500314DBF /* GoOrange.m4a in Resources */,
				D3A409141A9BEAF200D8066A /* FearShockers.m4a in Resources */,
				D3304F201A76BC3500314DBF /* GoCanes.m4a in Resources */,
				D3304F131A76BC3500314DBF /* BoomerSooner.m4a in Resources */,
				D3304F211A76BC3500314DBF /* GoCards.m4a in Resources */,
				D3304F191A76BC3500314DBF /* GoBeaversAlt.m4a in Resources */,
				D3304F2A1A76BC3500314DBF /* GoFrogsForLaurel.m4a in Resources */,
				D3304F1E1A76BC3500314DBF /* GoBuckeyes.m4a in Resources */,
				D3A409161A9BEAF200D8066A /* GoMiracle.m4a in Resources */,
				D3A409151A9BEAF200D8066A /* GoHero.m4a in Resources */,
				D3C4A1071A3EA0B0009B8E67 /* Images.xcassets in Resources */,
				D3304F361A76BC3500314DBF /* GoTigersClemson.m4a in Resources */,
				D3304F3B1A76BC3500314DBF /* HailToPitt.m4a in Resources */,
				D3304F331A76BC3500314DBF /* GoPacks.m4a in Resources */,
				D3304F2F1A76BC3500314DBF /* GoIrish.m4a in Resources */,
				D3304F431A76BC3500314DBF /* SicEmBears.m4a in Resources */,
				D3304F1C1A76BC3500314DBF /* GoBlue.m4a in Resources */,
				D3304F341A76BC3500314DBF /* GoSpartans.m4a in Resources */,
				D3304F411A76BC3500314DBF /* RideEmCowboys.m4a in Resources */,
				D3304F1F1A76BC3500314DBF /* GoBuffs.m4a in Resources */,
				D3304F221A76BC3500314DBF /* GoCats.m4a in Resources */,
				D3304F1A1A76BC3500314DBF /* GoBigRed.m4a in Resources */,
				D3304F281A76BC3500314DBF /* GoEagles.m4a in Resources */,
				D3304F3D1A76BC3500314DBF /* HottyToddy.m4a in Resources */,
				D3304F171A76BC3500314DBF /* GoBears.m4a in Resources */,
				D3304F161A76BC3500314DBF /* GigEm.m4a in Resources */,
				D3304F181A76BC3500314DBF /* GoBeavers.m4a in Resources */,
				D3304F471A76BC3500314DBF /* WeArePennState.m4a in Resources */,
				D3304F261A76BC3500314DBF /* GoDores.m4a in Resources */,
				D3304F461A76BC3500314DBF /* WarEagle.m4a in Resources */,
				D3304F381A76BC3500314DBF /* GunsUp.m4a in Resources */,
				D3A4091A1A9BEAF200D8066A /* Villanova.m4a in Resources */,
			);
			runOnlyForDeploymentPostprocessing = 0;
		};
		D3C4A10D1A3EA0B0009B8E67 /* Resources */ = {
			isa = PBXResourcesBuildPhase;
			buildActionMask = 2147483647;
			files = (
			);
			runOnlyForDeploymentPostprocessing = 0;
		};
/* End PBXResourcesBuildPhase section */

/* Begin PBXShellScriptBuildPhase section */
		D3C4A11F1A3EA160009B8E67 /* ShellScript */ = {
			isa = PBXShellScriptBuildPhase;
			buildActionMask = 2147483647;
			files = (
			);
			inputPaths = (
			);
			outputPaths = (
			);
			runOnlyForDeploymentPostprocessing = 0;
			shellPath = /bin/sh;
			shellScript = "#!/bin/bash\nbuildNumber=$(/usr/libexec/PlistBuddy -c \"Print CFBundleVersion\" \"${PROJECT_DIR}/${INFOPLIST_FILE}\")\nbuildNumber=$(($buildNumber + 1))\n/usr/libexec/PlistBuddy -c \"Set :CFBundleVersion $buildNumber\" \"${PROJECT_DIR}/${INFOPLIST_FILE}\"";
		};
/* End PBXShellScriptBuildPhase section */

/* Begin PBXSourcesBuildPhase section */
		D3C4A0EF1A3EA0B0009B8E67 /* Sources */ = {
			isa = PBXSourcesBuildPhase;
			buildActionMask = 2147483647;
			files = (
				D3AB62251A58F9FE001C08D4 /* SettingsTableViewController.m in Sources */,
				D33A75FF1A40E3EB0080D572 /* DataHelper.m in Sources */,
				D3AB62161A563CB7001C08D4 /* LogInTableViewController.m in Sources */,
				D3AB62221A588314001C08D4 /* RivalryTableViewController.m in Sources */,
				D33A75FC1A40E3CC0080D572 /* TeamSelectTableViewController.m in Sources */,
				D3AB621F1A579659001C08D4 /* SignUpTableViewController.m in Sources */,
				D3C4A0FC1A3EA0B0009B8E67 /* AppDelegate.m in Sources */,
				D3AB61F81A4F3FE9001C08D4 /* UIAlertView+Blocks.m in Sources */,
				D3A409051A9674C100D8066A /* UsernameSelectTableViewController.m in Sources */,
				D3304E4E1A6445AB00314DBF /* RecruitTableViewController.m in Sources */,
				D3AB621C1A572101001C08D4 /* UIFloatLabelTextField.m in Sources */,
				D3C4A0FF1A3EA0B0009B8E67 /* rivalryapp.xcdatamodeld in Sources */,
				D33A76021A40ED010080D572 /* TeamSelectTableViewCell.m in Sources */,
				D3304E601A72DAE300314DBF /* InviteTableViewController.m in Sources */,
				D3C4A0F91A3EA0B0009B8E67 /* main.m in Sources */,
				D3AB61ED1A4351E6001C08D4 /* TutorialTableViewController.m in Sources */,
				D3A409021A93121500D8066A /* MBProgressHUD.m in Sources */,
			);
			runOnlyForDeploymentPostprocessing = 0;
		};
		D3C4A10B1A3EA0B0009B8E67 /* Sources */ = {
			isa = PBXSourcesBuildPhase;
			buildActionMask = 2147483647;
			files = (
				D3C4A1161A3EA0B0009B8E67 /* rivalryappTests.m in Sources */,
			);
			runOnlyForDeploymentPostprocessing = 0;
		};
/* End PBXSourcesBuildPhase section */

/* Begin PBXTargetDependency section */
		D3C4A1111A3EA0B0009B8E67 /* PBXTargetDependency */ = {
			isa = PBXTargetDependency;
			target = D3C4A0F21A3EA0B0009B8E67 /* rivalryapp */;
			targetProxy = D3C4A1101A3EA0B0009B8E67 /* PBXContainerItemProxy */;
		};
/* End PBXTargetDependency section */

/* Begin PBXVariantGroup section */
		D3C4A1031A3EA0B0009B8E67 /* Main.storyboard */ = {
			isa = PBXVariantGroup;
			children = (
				D3C4A1041A3EA0B0009B8E67 /* Base */,
			);
			name = Main.storyboard;
			sourceTree = "<group>";
		};
		D3C4A1081A3EA0B0009B8E67 /* LaunchScreen.xib */ = {
			isa = PBXVariantGroup;
			children = (
				D3C4A1091A3EA0B0009B8E67 /* Base */,
			);
			name = LaunchScreen.xib;
			sourceTree = "<group>";
		};
/* End PBXVariantGroup section */

/* Begin XCBuildConfiguration section */
		D3C4A1171A3EA0B0009B8E67 /* Debug */ = {
			isa = XCBuildConfiguration;
			buildSettings = {
				ALWAYS_SEARCH_USER_PATHS = NO;
				CLANG_CXX_LANGUAGE_STANDARD = "gnu++0x";
				CLANG_CXX_LIBRARY = "libc++";
				CLANG_ENABLE_MODULES = YES;
				CLANG_ENABLE_OBJC_ARC = YES;
				CLANG_WARN_BOOL_CONVERSION = YES;
				CLANG_WARN_CONSTANT_CONVERSION = YES;
				CLANG_WARN_DIRECT_OBJC_ISA_USAGE = YES_ERROR;
				CLANG_WARN_EMPTY_BODY = YES;
				CLANG_WARN_ENUM_CONVERSION = YES;
				CLANG_WARN_INT_CONVERSION = YES;
				CLANG_WARN_OBJC_ROOT_CLASS = YES_ERROR;
				CLANG_WARN_UNREACHABLE_CODE = YES;
				CLANG_WARN__DUPLICATE_METHOD_MATCH = YES;
				"CODE_SIGN_IDENTITY[sdk=iphoneos*]" = "iPhone Developer";
				COPY_PHASE_STRIP = NO;
				ENABLE_STRICT_OBJC_MSGSEND = YES;
				GCC_C_LANGUAGE_STANDARD = gnu99;
				GCC_DYNAMIC_NO_PIC = NO;
				GCC_OPTIMIZATION_LEVEL = 0;
				GCC_PREPROCESSOR_DEFINITIONS = (
					"DEBUG=1",
					"$(inherited)",
				);
				GCC_SYMBOLS_PRIVATE_EXTERN = NO;
				GCC_WARN_64_TO_32_BIT_CONVERSION = YES;
				GCC_WARN_ABOUT_RETURN_TYPE = YES_ERROR;
				GCC_WARN_UNDECLARED_SELECTOR = YES;
				GCC_WARN_UNINITIALIZED_AUTOS = YES_AGGRESSIVE;
				GCC_WARN_UNUSED_FUNCTION = YES;
				GCC_WARN_UNUSED_VARIABLE = YES;
				IPHONEOS_DEPLOYMENT_TARGET = 7.0;
				MTL_ENABLE_DEBUG_INFO = YES;
				ONLY_ACTIVE_ARCH = YES;
				SDKROOT = iphoneos;
			};
			name = Debug;
		};
		D3C4A1181A3EA0B0009B8E67 /* Release */ = {
			isa = XCBuildConfiguration;
			buildSettings = {
				ALWAYS_SEARCH_USER_PATHS = NO;
				CLANG_CXX_LANGUAGE_STANDARD = "gnu++0x";
				CLANG_CXX_LIBRARY = "libc++";
				CLANG_ENABLE_MODULES = YES;
				CLANG_ENABLE_OBJC_ARC = YES;
				CLANG_WARN_BOOL_CONVERSION = YES;
				CLANG_WARN_CONSTANT_CONVERSION = YES;
				CLANG_WARN_DIRECT_OBJC_ISA_USAGE = YES_ERROR;
				CLANG_WARN_EMPTY_BODY = YES;
				CLANG_WARN_ENUM_CONVERSION = YES;
				CLANG_WARN_INT_CONVERSION = YES;
				CLANG_WARN_OBJC_ROOT_CLASS = YES_ERROR;
				CLANG_WARN_UNREACHABLE_CODE = YES;
				CLANG_WARN__DUPLICATE_METHOD_MATCH = YES;
				"CODE_SIGN_IDENTITY[sdk=iphoneos*]" = "iPhone Developer";
				COPY_PHASE_STRIP = YES;
				ENABLE_NS_ASSERTIONS = NO;
				ENABLE_STRICT_OBJC_MSGSEND = YES;
				GCC_C_LANGUAGE_STANDARD = gnu99;
				GCC_WARN_64_TO_32_BIT_CONVERSION = YES;
				GCC_WARN_ABOUT_RETURN_TYPE = YES_ERROR;
				GCC_WARN_UNDECLARED_SELECTOR = YES;
				GCC_WARN_UNINITIALIZED_AUTOS = YES_AGGRESSIVE;
				GCC_WARN_UNUSED_FUNCTION = YES;
				GCC_WARN_UNUSED_VARIABLE = YES;
				IPHONEOS_DEPLOYMENT_TARGET = 7.0;
				MTL_ENABLE_DEBUG_INFO = NO;
				SDKROOT = iphoneos;
				VALIDATE_PRODUCT = YES;
			};
			name = Release;
		};
		D3C4A11A1A3EA0B0009B8E67 /* Debug */ = {
			isa = XCBuildConfiguration;
			buildSettings = {
				ASSETCATALOG_COMPILER_APPICON_NAME = AppIcon;
				ASSETCATALOG_COMPILER_LAUNCHIMAGE_NAME = LaunchImage;
				CODE_SIGN_IDENTITY = "iPhone Developer";
				"CODE_SIGN_IDENTITY[sdk=iphoneos*]" = "iPhone Developer";
				FRAMEWORK_SEARCH_PATHS = (
					"$(inherited)",
					"$(PROJECT_DIR)/rivalryapp",
				);
				INFOPLIST_FILE = rivalryapp/Info.plist;
				IPHONEOS_DEPLOYMENT_TARGET = 7.0;
				LD_RUNPATH_SEARCH_PATHS = "$(inherited) @executable_path/Frameworks";
				PRODUCT_NAME = "$(TARGET_NAME)";
				PROVISIONING_PROFILE = "";
			};
			name = Debug;
		};
		D3C4A11B1A3EA0B0009B8E67 /* Release */ = {
			isa = XCBuildConfiguration;
			buildSettings = {
				ASSETCATALOG_COMPILER_APPICON_NAME = AppIcon;
				ASSETCATALOG_COMPILER_LAUNCHIMAGE_NAME = LaunchImage;
				CODE_SIGN_IDENTITY = "iPhone Developer";
				"CODE_SIGN_IDENTITY[sdk=iphoneos*]" = "iPhone Developer";
				FRAMEWORK_SEARCH_PATHS = (
					"$(inherited)",
					"$(PROJECT_DIR)/rivalryapp",
				);
				INFOPLIST_FILE = rivalryapp/Info.plist;
				IPHONEOS_DEPLOYMENT_TARGET = 7.0;
				LD_RUNPATH_SEARCH_PATHS = "$(inherited) @executable_path/Frameworks";
				PRODUCT_NAME = "$(TARGET_NAME)";
				PROVISIONING_PROFILE = "";
			};
			name = Release;
		};
		D3C4A11D1A3EA0B0009B8E67 /* Debug */ = {
			isa = XCBuildConfiguration;
			buildSettings = {
				BUNDLE_LOADER = "$(TEST_HOST)";
				FRAMEWORK_SEARCH_PATHS = (
					"$(SDKROOT)/Developer/Library/Frameworks",
					"$(inherited)",
				);
				GCC_PREPROCESSOR_DEFINITIONS = (
					"DEBUG=1",
					"$(inherited)",
				);
				INFOPLIST_FILE = rivalryappTests/Info.plist;
				LD_RUNPATH_SEARCH_PATHS = "$(inherited) @executable_path/Frameworks @loader_path/Frameworks";
				PRODUCT_NAME = "$(TARGET_NAME)";
				TEST_HOST = "$(BUILT_PRODUCTS_DIR)/rivalryapp.app/rivalryapp";
			};
			name = Debug;
		};
		D3C4A11E1A3EA0B0009B8E67 /* Release */ = {
			isa = XCBuildConfiguration;
			buildSettings = {
				BUNDLE_LOADER = "$(TEST_HOST)";
				FRAMEWORK_SEARCH_PATHS = (
					"$(SDKROOT)/Developer/Library/Frameworks",
					"$(inherited)",
				);
				INFOPLIST_FILE = rivalryappTests/Info.plist;
				LD_RUNPATH_SEARCH_PATHS = "$(inherited) @executable_path/Frameworks @loader_path/Frameworks";
				PRODUCT_NAME = "$(TARGET_NAME)";
				TEST_HOST = "$(BUILT_PRODUCTS_DIR)/rivalryapp.app/rivalryapp";
			};
			name = Release;
		};
/* End XCBuildConfiguration section */

/* Begin XCConfigurationList section */
		D3C4A0EE1A3EA0AF009B8E67 /* Build configuration list for PBXProject "rivalryapp" */ = {
			isa = XCConfigurationList;
			buildConfigurations = (
				D3C4A1171A3EA0B0009B8E67 /* Debug */,
				D3C4A1181A3EA0B0009B8E67 /* Release */,
			);
			defaultConfigurationIsVisible = 0;
			defaultConfigurationName = Release;
		};
		D3C4A1191A3EA0B0009B8E67 /* Build configuration list for PBXNativeTarget "rivalryapp" */ = {
			isa = XCConfigurationList;
			buildConfigurations = (
				D3C4A11A1A3EA0B0009B8E67 /* Debug */,
				D3C4A11B1A3EA0B0009B8E67 /* Release */,
			);
			defaultConfigurationIsVisible = 0;
			defaultConfigurationName = Release;
		};
		D3C4A11C1A3EA0B0009B8E67 /* Build configuration list for PBXNativeTarget "rivalryappTests" */ = {
			isa = XCConfigurationList;
			buildConfigurations = (
				D3C4A11D1A3EA0B0009B8E67 /* Debug */,
				D3C4A11E1A3EA0B0009B8E67 /* Release */,
			);
			defaultConfigurationIsVisible = 0;
			defaultConfigurationName = Release;
		};
/* End XCConfigurationList section */

/* Begin XCVersionGroup section */
		D3C4A0FD1A3EA0B0009B8E67 /* rivalryapp.xcdatamodeld */ = {
			isa = XCVersionGroup;
			children = (
				D3C4A0FE1A3EA0B0009B8E67 /* rivalryapp.xcdatamodel */,
			);
			currentVersion = D3C4A0FE1A3EA0B0009B8E67 /* rivalryapp.xcdatamodel */;
			path = rivalryapp.xcdatamodeld;
			sourceTree = "<group>";
			versionGroupType = wrapper.xcdatamodel;
		};
/* End XCVersionGroup section */
	};
	rootObject = D3C4A0EB1A3EA0AF009B8E67 /* Project object */;
}
